
Microsoft Visual Studio Solution File, Format Version 12.00
# Visual Studio Version 17
VisualStudioVersion = 17.8.34525.116
MinimumVisualStudioVersion = 10.0.40219.1
Project("{FAE04EC0-301F-11D3-BF4B-00C04F79EFBC}") = "Todo.API", "Todo.API\Todo.API.csproj", "{1ACD431E-5048-4445-BB6D-198A16DFA8E5}"
EndProject
Global
	GlobalSection(SolutionConfigurationPlatforms) = preSolution
		Debug|Any CPU = Debug|Any CPU
		Release|Any CPU = Release|Any CPU
	EndGlobalSection
	GlobalSection(ProjectConfigurationPlatforms) = postSolution
		{1ACD431E-5048-4445-BB6D-198A16DFA8E5}.Debug|Any CPU.ActiveCfg = Debug|Any CPU
		{1ACD431E-5048-4445-BB6D-198A16DFA8E5}.Debug|Any CPU.Build.0 = Debug|Any CPU
		{1ACD431E-5048-4445-BB6D-198A16DFA8E5}.Release|Any CPU.ActiveCfg = Release|Any CPU
		{1ACD431E-5048-4445-BB6D-198A16DFA8E5}.Release|Any CPU.Build.0 = Release|Any CPU
	EndGlobalSection
	GlobalSection(SolutionProperties) = preSolution
		HideSolutionNode = FALSE
	EndGlobalSection
	GlobalSection(ExtensibilityGlobals) = postSolution
		SolutionGuid = {83A21256-E310-48C0-A826-A22EA9EA2210}
	EndGlobalSection
EndGlobal
